
Microsoft Visual Studio Solution File, Format Version 12.00
# Visual Studio 14
VisualStudioVersion = 14.0.25420.1
MinimumVisualStudioVersion = 10.0.40219.1
Project("{FAE04EC0-301F-11D3-BF4B-00C04F79EFBC}") = "Enhanced Password Manager", "Enhanced Password Manager\Enhanced Password Manager.csproj", "{B8EF45C1-862C-4C28-9F7C-D22BB2EDEA2D}"
EndProject
Project("{FAE04EC0-301F-11D3-BF4B-00C04F79EFBC}") = "Cracking", "Cracking\Cracking.csproj", "{F054C617-E4FE-494D-BD72-7A250CFECDA1}"
EndProject
Global
	GlobalSection(SolutionConfigurationPlatforms) = preSolution
		Debug|Any CPU = Debug|Any CPU
		Release|Any CPU = Release|Any CPU
	EndGlobalSection
	GlobalSection(ProjectConfigurationPlatforms) = postSolution
		{B8EF45C1-862C-4C28-9F7C-D22BB2EDEA2D}.Debug|Any CPU.ActiveCfg = Debug|Any CPU
		{B8EF45C1-862C-4C28-9F7C-D22BB2EDEA2D}.Debug|Any CPU.Build.0 = Debug|Any CPU
		{B8EF45C1-862C-4C28-9F7C-D22BB2EDEA2D}.Release|Any CPU.ActiveCfg = Release|Any CPU
		{B8EF45C1-862C-4C28-9F7C-D22BB2EDEA2D}.Release|Any CPU.Build.0 = Release|Any CPU
		{F054C617-E4FE-494D-BD72-7A250CFECDA1}.Debug|Any CPU.ActiveCfg = Debug|Any CPU
		{F054C617-E4FE-494D-BD72-7A250CFECDA1}.Debug|Any CPU.Build.0 = Debug|Any CPU
		{F054C617-E4FE-494D-BD72-7A250CFECDA1}.Release|Any CPU.ActiveCfg = Release|Any CPU
		{F054C617-E4FE-494D-BD72-7A250CFECDA1}.Release|Any CPU.Build.0 = Release|Any CPU
	EndGlobalSection
	GlobalSection(SolutionProperties) = preSolution
		HideSolutionNode = FALSE
	EndGlobalSection
EndGlobal
